# @generated by Move, please check-in and do not edit manually.

[move]
version = 3
manifest_digest = "D15585D6F0C9DDA7226CC855A60A3CC3C47C7A5A37FCAA0016417CA0A715C25E"
deps_digest = "04732BFEF428F74DE262001DC455D76B909EBC394B034A9A15CC095E4BDD9CEF"
dependencies = [
  { id = "Bridge", name = "Bridge" },
  { id = "MoveStdlib", name = "MoveStdlib" },
  { id = "OApp", name = "OApp" },
  { id = "OFTCommon", name = "OFTCommon" },
  { id = "PtbMoveCall", name = "PtbMoveCall" },
  { id = "Sui", name = "Sui" },
  { id = "SuiSystem", name = "SuiSystem" },
]
dev-dependencies = [
  { id = "SimpleMessageLib", name = "SimpleMessageLib" },
]

[[move.package]]
id = "Bridge"
source = { git = "https://github.com/MystenLabs/sui.git", rev = "db951a5ea6b125f6253a6b7f436ddba46eb0feb3", subdir = "crates/sui-framework/packages/bridge" }

dependencies = [
  { id = "MoveStdlib", name = "MoveStdlib" },
  { id = "Sui", name = "Sui" },
  { id = "SuiSystem", name = "SuiSystem" },
]

[[move.package]]
id = "Call"
source = { git = "https://github.com/LayerZero-Labs/LayerZero-v2.git", rev = "main", subdir = "packages/layerzero-v2/sui/contracts/dynamic-call/call" }

dependencies = [
  { id = "Bridge", name = "Bridge" },
  { id = "MoveStdlib", name = "MoveStdlib" },
  { id = "Sui", name = "Sui" },
  { id = "SuiSystem", name = "SuiSystem" },
  { id = "Utils", name = "Utils" },
]

[[move.package]]
id = "EndpointV2"
source = { git = "https://github.com/LayerZero-Labs/LayerZero-v2.git", rev = "main", subdir = "packages/layerzero-v2/sui/contracts/endpoint-v2" }

dependencies = [
  { id = "Bridge", name = "Bridge" },
  { id = "Call", name = "Call" },
  { id = "MoveStdlib", name = "MoveStdlib" },
  { id = "Sui", name = "Sui" },
  { id = "SuiSystem", name = "SuiSystem" },
  { id = "Zro", name = "Zro" },
]

[[move.package]]
id = "MessageLibCommon"
source = { git = "https://github.com/LayerZero-Labs/LayerZero-v2.git", rev = "main", subdir = "packages/layerzero-v2/sui/contracts/message-libs/message-lib-common" }

dependencies = [
  { id = "Bridge", name = "Bridge" },
  { id = "EndpointV2", name = "EndpointV2" },
  { id = "MoveStdlib", name = "MoveStdlib" },
  { id = "Sui", name = "Sui" },
  { id = "SuiSystem", name = "SuiSystem" },
]

[[move.package]]
id = "MoveStdlib"
source = { git = "https://github.com/MystenLabs/sui.git", rev = "db951a5ea6b125f6253a6b7f436ddba46eb0feb3", subdir = "crates/sui-framework/packages/move-stdlib" }

[[move.package]]
id = "OApp"
source = { git = "https://github.com/LayerZero-Labs/LayerZero-v2.git", rev = "main", subdir = "packages/layerzero-v2/sui/contracts/oapps/oapp" }

dependencies = [
  { id = "Bridge", name = "Bridge" },
  { id = "EndpointV2", name = "EndpointV2" },
  { id = "MoveStdlib", name = "MoveStdlib" },
  { id = "Sui", name = "Sui" },
  { id = "SuiSystem", name = "SuiSystem" },
]

[[move.package]]
id = "OFTCommon"
source = { git = "https://github.com/LayerZero-Labs/LayerZero-v2.git", rev = "main", subdir = "packages/layerzero-v2/sui/contracts/oapps/oft/oft-common" }

dependencies = [
  { id = "Bridge", name = "Bridge" },
  { id = "Call", name = "Call" },
  { id = "MoveStdlib", name = "MoveStdlib" },
  { id = "Sui", name = "Sui" },
  { id = "SuiSystem", name = "SuiSystem" },
]

[[move.package]]
id = "PtbMoveCall"
source = { git = "https://github.com/LayerZero-Labs/LayerZero-v2.git", rev = "main", subdir = "packages/layerzero-v2/sui/contracts/ptb-builders/ptb-move-call" }

dependencies = [
  { id = "Bridge", name = "Bridge" },
  { id = "MoveStdlib", name = "MoveStdlib" },
  { id = "Sui", name = "Sui" },
  { id = "SuiSystem", name = "SuiSystem" },
  { id = "Utils", name = "Utils" },
]

[[move.package]]
id = "SimpleMessageLib"
source = { git = "https://github.com/LayerZero-Labs/LayerZero-v2.git", rev = "main", subdir = "packages/layerzero-v2/sui/contracts/message-libs/simple-message-lib" }

dependencies = [
  { id = "Bridge", name = "Bridge" },
  { id = "MessageLibCommon", name = "MessageLibCommon" },
  { id = "MoveStdlib", name = "MoveStdlib" },
  { id = "Sui", name = "Sui" },
  { id = "SuiSystem", name = "SuiSystem" },
]

[[move.package]]
id = "Sui"
source = { git = "https://github.com/MystenLabs/sui.git", rev = "db951a5ea6b125f6253a6b7f436ddba46eb0feb3", subdir = "crates/sui-framework/packages/sui-framework" }

dependencies = [
  { id = "MoveStdlib", name = "MoveStdlib" },
]

[[move.package]]
id = "SuiSystem"
source = { git = "https://github.com/MystenLabs/sui.git", rev = "db951a5ea6b125f6253a6b7f436ddba46eb0feb3", subdir = "crates/sui-framework/packages/sui-system" }

dependencies = [
  { id = "MoveStdlib", name = "MoveStdlib" },
  { id = "Sui", name = "Sui" },
]

[[move.package]]
id = "Utils"
source = { git = "https://github.com/LayerZero-Labs/LayerZero-v2.git", rev = "main", subdir = "packages/layerzero-v2/sui/contracts/utils" }

dependencies = [
  { id = "Bridge", name = "Bridge" },
  { id = "MoveStdlib", name = "MoveStdlib" },
  { id = "Sui", name = "Sui" },
  { id = "SuiSystem", name = "SuiSystem" },
]

[[move.package]]
id = "Zro"
source = { git = "https://github.com/LayerZero-Labs/LayerZero-v2.git", rev = "main", subdir = "packages/layerzero-v2/sui/contracts/zro" }

dependencies = [
  { id = "Bridge", name = "Bridge" },
  { id = "MoveStdlib", name = "MoveStdlib" },
  { id = "Sui", name = "Sui" },
  { id = "SuiSystem", name = "SuiSystem" },
]

[move.toolchain-version]
compiler-version = "1.54.1"
edition = "2024.beta"
flavor = "sui"
